lockfileVersion: '6.0'

settings:
  autoInstallPeers: true
  excludeLinksFromLockfile: false

dependencies:
  ical-generator:
    specifier: ^8.0.0
    version: 8.0.0(@types/node@22.5.1)

devDependencies:
  '@playwright/test':
    specifier: ^1.46.1
    version: 1.46.1
  '@types/node':
    specifier: ^22.5.0
    version: 22.5.1

packages:

  /@playwright/test@1.46.1:
    resolution: {integrity: sha512-Fq6SwLujA/DOIvNC2EL/SojJnkKf/rAwJ//APpJJHRyMi1PdKrY3Az+4XNQ51N4RTbItbIByQ0jgd1tayq1aeA==}
    engines: {node: '>=18'}
    hasBin: true
    dependencies:
      playwright: 1.46.1
    dev: true

  /@types/node@22.5.1:
    resolution: {integrity: sha512-KkHsxej0j9IW1KKOOAA/XBA0z08UFSrRQHErzEfA3Vgq57eXIMYboIlHJuYIfd+lwCQjtKqUu3UnmKbtUc9yRw==}
    dependencies:
      undici-types: 6.19.8

  /fsevents@2.3.2:
    resolution: {integrity: sha512-xiqMQR4xAeHTuB9uWm+fFRcIOgKBMiOBP+eXiyT7jsgVCq1bkVygt00oASowB7EdtpOHaaPgKt812P9ab+DDKA==}
    engines: {node: ^8.16.0 || ^10.6.0 || >=11.0.0}
    os: [darwin]
    requiresBuild: true
    dev: true
    optional: true

  /ical-generator@8.0.0(@types/node@22.5.1):
    resolution: {integrity: sha512-CvVKK3JJrKop6z7i7/NS69FjYdR6ux1LswIeiZ3yaicX7ocMFLQI475JhQabCT7koUkaCVFNVxLaYaxtdPgwww==}
    engines: {node: 18 || 20 || >=22.0.0}
    peerDependencies:
      '@touch4it/ical-timezones': '>=1.6.0'
      '@types/luxon': '>= 1.26.0'
      '@types/mocha': '>= 8.2.1'
      '@types/node': '*'
      dayjs: '>= 1.10.0'
      luxon: '>= 1.26.0'
      moment: '>= 2.29.0'
      moment-timezone: '>= 0.5.33'
      rrule: '>= 2.6.8'
    peerDependenciesMeta:
      '@touch4it/ical-timezones':
        optional: true
      '@types/luxon':
        optional: true
      '@types/mocha':
        optional: true
      '@types/node':
        optional: true
      dayjs:
        optional: true
      luxon:
        optional: true
      moment:
        optional: true
      moment-timezone:
        optional: true
      rrule:
        optional: true
    dependencies:
      '@types/node': 22.5.1
      uuid-random: 1.3.2
    dev: false

  /playwright-core@1.46.1:
    resolution: {integrity: sha512-h9LqIQaAv+CYvWzsZ+h3RsrqCStkBHlgo6/TJlFst3cOTlLghBQlJwPOZKQJTKNaD3QIB7aAVQ+gfWbN3NXB7A==}
    engines: {node: '>=18'}
    hasBin: true
    dev: true

  /playwright@1.46.1:
    resolution: {integrity: sha512-oPcr1yqoXLCkgKtD5eNUPLiN40rYEM39odNpIb6VE6S7/15gJmA1NzVv6zJYusV0e7tzvkU/utBFNa/Kpxmwng==}
    engines: {node: '>=18'}
    hasBin: true
    dependencies:
      playwright-core: 1.46.1
    optionalDependencies:
      fsevents: 2.3.2
    dev: true

  /undici-types@6.19.8:
    resolution: {integrity: sha512-ve2KP6f/JnbPBFyobGHuerC9g1FYGn/F8n1LWTwNxCEzd6IfqTwUQcNXgEtmmQ6DlRrC1hrSrBnCZPokRrDHjw==}

  /uuid-random@1.3.2:
    resolution: {integrity: sha512-UOzej0Le/UgkbWEO8flm+0y+G+ljUon1QWTEZOq1rnMAsxo2+SckbiZdKzAHHlVh6gJqI1TjC/xwgR50MuCrBQ==}
    dev: false
